<?xml version="1.0" encoding="UTF-8" standalone="yes" ?>
<CodeBlocks_project_file>
	<FileVersion major="1" minor="6" />
	<Project>
		<Option title="Project" />
		<Option pch_mode="2" />
		<Option compiler="gcc" />
		<Build>
			<Target title="Debug">
				<Option output="bin/Debug/Project" prefix_auto="1" extension_auto="1" />
				<Option object_output="obj/Debug/" />
				<Option type="1" />
				<Option compiler="gcc" />
				<Compiler>
					<Add option="-g" />
				</Compiler>
			</Target>
			<Target title="Release">
				<Option output="bin/Release/Project" prefix_auto="1" extension_auto="1" />
				<Option object_output="obj/Release/" />
				<Option type="1" />
				<Option compiler="gcc" />
				<Compiler>
					<Add option="-O2" />
				</Compiler>
				<Linker>
					<Add option="-s" />
				</Linker>
			</Target>
		</Build>
		<Compiler>
			<Add option="-Wall" />
		</Compiler>
		<Unit filename="Osoba.c">
			<Option compilerVar="CC" />
		</Unit>
		<Unit filename="Osoba.h" />
		<Unit filename="Proizvod.c">
			<Option compilerVar="CC" />
		</Unit>
		<Unit filename="Proizvod.h" />
		<Unit filename="Project.depend" />
		<Unit filename="Project.layout" />
		<Unit filename="RADNICI.TXT" />
		<Unit filename="Racun.c">
			<Option compilerVar="CC" />
		</Unit>
		<Unit filename="Racun.h" />
		<Unit filename="Radnik.c">
			<Option compilerVar="CC" />
		</Unit>
		<Unit filename="Radnik.h" />
		<Unit filename="Sistem.c">
			<Option compilerVar="CC" />
		</Unit>
		<Unit filename="Sistem.h" />
		<Unit filename="bin/Debug/Project.exe" />
		<Unit filename="main.c">
			<Option compilerVar="CC" />
		</Unit>
		<Unit filename="obj/Debug/Osoba.o" />
		<Unit filename="obj/Debug/Proizvod.o" />
		<Unit filename="obj/Debug/Racun.o" />
		<Unit filename="obj/Debug/Radnik.o" />
		<Unit filename="obj/Debug/Sistem.o" />
		<Unit filename="obj/Debug/main.o" />
		<Extensions>
			<code_completion />
			<envvars />
			<debugger />
			<lib_finder disable_auto="1" />
		</Extensions>
	</Project>
</CodeBlocks_project_file>
